
Microsoft Visual Studio Solution File, Format Version 12.00
# Visual Studio Version 17
VisualStudioVersion = 17.0.31903.59
MinimumVisualStudioVersion = 10.0.40219.1
Project("{9A19103F-16F7-4668-BE54-9A1E7A4F7556}") = "Contracts", "Contracts\Contracts.csproj", "{ABB45BCB-F56B-4CB9-913D-E6B79ECA67E0}"
EndProject
Project("{2150E333-8FDC-42A3-9474-1A3956D46DE8}") = "SalesApi", "SalesApi", "{CAF3ADDD-C5A1-485F-9020-402FFAF6F982}"
	ProjectSection(SolutionItems) = preProject
		SalesApi\requests.http = SalesApi\requests.http
	EndProjectSection
EndProject
Project("{9A19103F-16F7-4668-BE54-9A1E7A4F7556}") = "SalesApi.2-completed", "SalesApi\2-completed\SalesApi.2-completed.csproj", "{46102E2D-3724-4D2F-A82F-159025B35846}"
EndProject
Project("{9A19103F-16F7-4668-BE54-9A1E7A4F7556}") = "SalesApi.0-starting-point", "SalesApi\0-starting-point\SalesApi.0-starting-point.csproj", "{149911C5-BECF-4E48-8E9E-9375243972A4}"
EndProject
Project("{9A19103F-16F7-4668-BE54-9A1E7A4F7556}") = "SalesApi.1-secure-by-design", "SalesApi\1-secure-by-design\SalesApi.1-secure-by-design.csproj", "{D568D181-E566-426C-9927-4AB6D8B024A9}"
EndProject
Global
	GlobalSection(SolutionConfigurationPlatforms) = preSolution
		Debug|Any CPU = Debug|Any CPU
		Release|Any CPU = Release|Any CPU
	EndGlobalSection
	GlobalSection(ProjectConfigurationPlatforms) = postSolution
		{ABB45BCB-F56B-4CB9-913D-E6B79ECA67E0}.Debug|Any CPU.ActiveCfg = Debug|Any CPU
		{ABB45BCB-F56B-4CB9-913D-E6B79ECA67E0}.Debug|Any CPU.Build.0 = Debug|Any CPU
		{ABB45BCB-F56B-4CB9-913D-E6B79ECA67E0}.Release|Any CPU.ActiveCfg = Release|Any CPU
		{ABB45BCB-F56B-4CB9-913D-E6B79ECA67E0}.Release|Any CPU.Build.0 = Release|Any CPU
		{46102E2D-3724-4D2F-A82F-159025B35846}.Debug|Any CPU.ActiveCfg = Debug|Any CPU
		{46102E2D-3724-4D2F-A82F-159025B35846}.Debug|Any CPU.Build.0 = Debug|Any CPU
		{46102E2D-3724-4D2F-A82F-159025B35846}.Release|Any CPU.ActiveCfg = Release|Any CPU
		{46102E2D-3724-4D2F-A82F-159025B35846}.Release|Any CPU.Build.0 = Release|Any CPU
		{149911C5-BECF-4E48-8E9E-9375243972A4}.Debug|Any CPU.ActiveCfg = Debug|Any CPU
		{149911C5-BECF-4E48-8E9E-9375243972A4}.Debug|Any CPU.Build.0 = Debug|Any CPU
		{149911C5-BECF-4E48-8E9E-9375243972A4}.Release|Any CPU.ActiveCfg = Release|Any CPU
		{149911C5-BECF-4E48-8E9E-9375243972A4}.Release|Any CPU.Build.0 = Release|Any CPU
		{D568D181-E566-426C-9927-4AB6D8B024A9}.Debug|Any CPU.ActiveCfg = Debug|Any CPU
		{D568D181-E566-426C-9927-4AB6D8B024A9}.Debug|Any CPU.Build.0 = Debug|Any CPU
		{D568D181-E566-426C-9927-4AB6D8B024A9}.Release|Any CPU.ActiveCfg = Release|Any CPU
		{D568D181-E566-426C-9927-4AB6D8B024A9}.Release|Any CPU.Build.0 = Release|Any CPU
	EndGlobalSection
	GlobalSection(SolutionProperties) = preSolution
		HideSolutionNode = FALSE
	EndGlobalSection
	GlobalSection(NestedProjects) = preSolution
		{46102E2D-3724-4D2F-A82F-159025B35846} = {CAF3ADDD-C5A1-485F-9020-402FFAF6F982}
		{149911C5-BECF-4E48-8E9E-9375243972A4} = {CAF3ADDD-C5A1-485F-9020-402FFAF6F982}
		{D568D181-E566-426C-9927-4AB6D8B024A9} = {CAF3ADDD-C5A1-485F-9020-402FFAF6F982}
	EndGlobalSection
	GlobalSection(ExtensibilityGlobals) = postSolution
		SolutionGuid = {1B7658E6-9EA4-4C5E-9C60-CF081BF36AAD}
	EndGlobalSection
EndGlobal
